
Microsoft Visual Studio Solution File, Format Version 12.00
# Visual Studio Version 17
VisualStudioVersion = 17.5.33516.290
MinimumVisualStudioVersion = 10.0.40219.1
Project("{FAE04EC0-301F-11D3-BF4B-00C04F79EFBC}") = "JWTDemo", "JWTDemo.csproj", "{60BF28EE-8B6D-488A-9EE1-97FE19D5616F}"
EndProject
Project("{FAE04EC0-301F-11D3-BF4B-00C04F79EFBC}") = "DemoJWTMVC", "..\DemoJWTMVC\DemoJWTMVC.csproj", "{6AFBA89B-84F1-4891-A7C2-4A0CBB6AEC02}"
	ProjectSection(ProjectDependencies) = postProject
		{60BF28EE-8B6D-488A-9EE1-97FE19D5616F} = {60BF28EE-8B6D-488A-9EE1-97FE19D5616F}
	EndProjectSection
EndProject
Global
	GlobalSection(SolutionConfigurationPlatforms) = preSolution
		Debug|Any CPU = Debug|Any CPU
		Release|Any CPU = Release|Any CPU
	EndGlobalSection
	GlobalSection(ProjectConfigurationPlatforms) = postSolution
		{60BF28EE-8B6D-488A-9EE1-97FE19D5616F}.Debug|Any CPU.ActiveCfg = Debug|Any CPU
		{60BF28EE-8B6D-488A-9EE1-97FE19D5616F}.Debug|Any CPU.Build.0 = Debug|Any CPU
		{60BF28EE-8B6D-488A-9EE1-97FE19D5616F}.Release|Any CPU.ActiveCfg = Release|Any CPU
		{60BF28EE-8B6D-488A-9EE1-97FE19D5616F}.Release|Any CPU.Build.0 = Release|Any CPU
		{6AFBA89B-84F1-4891-A7C2-4A0CBB6AEC02}.Debug|Any CPU.ActiveCfg = Debug|Any CPU
		{6AFBA89B-84F1-4891-A7C2-4A0CBB6AEC02}.Debug|Any CPU.Build.0 = Debug|Any CPU
		{6AFBA89B-84F1-4891-A7C2-4A0CBB6AEC02}.Release|Any CPU.ActiveCfg = Release|Any CPU
		{6AFBA89B-84F1-4891-A7C2-4A0CBB6AEC02}.Release|Any CPU.Build.0 = Release|Any CPU
	EndGlobalSection
	GlobalSection(SolutionProperties) = preSolution
		HideSolutionNode = FALSE
	EndGlobalSection
	GlobalSection(ExtensibilityGlobals) = postSolution
		SolutionGuid = {EF581569-2F27-4A33-9C62-E0B6819A39F4}
	EndGlobalSection
EndGlobal
